
Microsoft Visual Studio Solution File, Format Version 12.00
# Visual Studio Version 17
VisualStudioVersion = 17.4.33213.308
MinimumVisualStudioVersion = 10.0.40219.1
Project("{FAE04EC0-301F-11D3-BF4B-00C04F79EFBC}") = "Test.Aspect-Injector.Failed", "Test.Aspect-Injector.Failed\Test.Aspect-Injector.Failed.csproj", "{5B9FBC54-A881-4318-9B76-1DCEF91D8487}"
EndProject
Project("{FAE04EC0-301F-11D3-BF4B-00C04F79EFBC}") = "TestProject", "TestProject\TestProject.csproj", "{E4ABA686-FA1C-4D63-827C-B80D4DE40B0A}"
EndProject
Global
	GlobalSection(SolutionConfigurationPlatforms) = preSolution
		Debug|Any CPU = Debug|Any CPU
		Release|Any CPU = Release|Any CPU
	EndGlobalSection
	GlobalSection(ProjectConfigurationPlatforms) = postSolution
		{5B9FBC54-A881-4318-9B76-1DCEF91D8487}.Debug|Any CPU.ActiveCfg = Debug|Any CPU
		{5B9FBC54-A881-4318-9B76-1DCEF91D8487}.Debug|Any CPU.Build.0 = Debug|Any CPU
		{5B9FBC54-A881-4318-9B76-1DCEF91D8487}.Release|Any CPU.ActiveCfg = Release|Any CPU
		{5B9FBC54-A881-4318-9B76-1DCEF91D8487}.Release|Any CPU.Build.0 = Release|Any CPU
		{E4ABA686-FA1C-4D63-827C-B80D4DE40B0A}.Debug|Any CPU.ActiveCfg = Debug|Any CPU
		{E4ABA686-FA1C-4D63-827C-B80D4DE40B0A}.Debug|Any CPU.Build.0 = Debug|Any CPU
		{E4ABA686-FA1C-4D63-827C-B80D4DE40B0A}.Release|Any CPU.ActiveCfg = Release|Any CPU
		{E4ABA686-FA1C-4D63-827C-B80D4DE40B0A}.Release|Any CPU.Build.0 = Release|Any CPU
	EndGlobalSection
	GlobalSection(SolutionProperties) = preSolution
		HideSolutionNode = FALSE
	EndGlobalSection
	GlobalSection(ExtensibilityGlobals) = postSolution
		SolutionGuid = {1EB8848E-66A7-4E6B-A0A8-5B7ADF34841E}
	EndGlobalSection
EndGlobal
